
Microsoft Visual Studio Solution File, Format Version 12.00
# Visual Studio 15
VisualStudioVersion = 15.0.28307.757
MinimumVisualStudioVersion = 10.0.40219.1
Project("{FAE04EC0-301F-11D3-BF4B-00C04F79EFBC}") = "BotPrt1", "BotPrt1\BotPrt1.csproj", "{4EBE11EF-058A-4DDF-BF4F-685EC5A7C7A2}"
EndProject
Global
	GlobalSection(SolutionConfigurationPlatforms) = preSolution
		Debug|Any CPU = Debug|Any CPU
		Release|Any CPU = Release|Any CPU
	EndGlobalSection
	GlobalSection(ProjectConfigurationPlatforms) = postSolution
		{4EBE11EF-058A-4DDF-BF4F-685EC5A7C7A2}.Debug|Any CPU.ActiveCfg = Debug|Any CPU
		{4EBE11EF-058A-4DDF-BF4F-685EC5A7C7A2}.Debug|Any CPU.Build.0 = Debug|Any CPU
		{4EBE11EF-058A-4DDF-BF4F-685EC5A7C7A2}.Release|Any CPU.ActiveCfg = Release|Any CPU
		{4EBE11EF-058A-4DDF-BF4F-685EC5A7C7A2}.Release|Any CPU.Build.0 = Release|Any CPU
	EndGlobalSection
	GlobalSection(SolutionProperties) = preSolution
		HideSolutionNode = FALSE
	EndGlobalSection
	GlobalSection(ExtensibilityGlobals) = postSolution
		SolutionGuid = {9D1CD1D7-A223-4302-8254-5FFED8D6B0B3}
	EndGlobalSection
EndGlobal
